
Microsoft Visual Studio Solution File, Format Version 12.00
# Visual Studio Version 17
VisualStudioVersion = 17.0.31710.8
MinimumVisualStudioVersion = 10.0.40219.1
Project("{9A19103F-16F7-4668-BE54-9A1E7A4F7556}") = "Data.Mssql", "Data.Mssql\Data.Mssql.csproj", "{6569051F-CCEE-4CA6-BC28-2137ADA55551}"
EndProject
Project("{9A19103F-16F7-4668-BE54-9A1E7A4F7556}") = "Data.Abstract", "Data.Abstract\Data.Abstract.csproj", "{54845FDC-5FAE-46ED-94F0-3E1C11B260C5}"
EndProject
Project("{9A19103F-16F7-4668-BE54-9A1E7A4F7556}") = "Data.PostgreSQL", "Data.PostgreSQL\Data.PostgreSQL.csproj", "{6CB3C4B3-1715-4301-A116-E0AA11E1E008}"
EndProject
Project("{9A19103F-16F7-4668-BE54-9A1E7A4F7556}") = "Data.Services", "Data.Services\Data.Services.csproj", "{C86BF0F0-C8FE-49BC-9353-1DD0C1BDB676}"
EndProject
Project("{2150E333-8FDC-42A3-9474-1A3956D46DE8}") = "Data", "Data", "{82D969A3-05AA-4B02-A5A3-59FBB78C9E81}"
EndProject
Project("{9A19103F-16F7-4668-BE54-9A1E7A4F7556}") = "Data.Entities", "Data.Entities\Data.Entities.csproj", "{1C97E648-E6B4-4F17-8AA4-BD6019510D42}"
EndProject
Project("{2150E333-8FDC-42A3-9474-1A3956D46DE8}") = "Core", "Core", "{C1E0543D-BD96-40A9-BEF7-6381E6F41977}"
EndProject
Project("{9A19103F-16F7-4668-BE54-9A1E7A4F7556}") = "Core", "Core\Core.csproj", "{0A3FA6BA-16EF-4D12-BE78-90B69181F4C1}"
EndProject
Project("{9A19103F-16F7-4668-BE54-9A1E7A4F7556}") = "Service.WebAPI", "Service.WebAPI\Service.WebAPI.csproj", "{110655EB-220D-4306-9A27-9F8AB90547E1}"
EndProject
Project("{2150E333-8FDC-42A3-9474-1A3956D46DE8}") = "Service", "Service", "{26C9007A-8EFB-4EAA-8E97-D729414F52AE}"
EndProject
Global
	GlobalSection(SolutionConfigurationPlatforms) = preSolution
		Debug|Any CPU = Debug|Any CPU
		Release|Any CPU = Release|Any CPU
	EndGlobalSection
	GlobalSection(ProjectConfigurationPlatforms) = postSolution
		{6569051F-CCEE-4CA6-BC28-2137ADA55551}.Debug|Any CPU.ActiveCfg = Debug|Any CPU
		{6569051F-CCEE-4CA6-BC28-2137ADA55551}.Debug|Any CPU.Build.0 = Debug|Any CPU
		{6569051F-CCEE-4CA6-BC28-2137ADA55551}.Release|Any CPU.ActiveCfg = Release|Any CPU
		{6569051F-CCEE-4CA6-BC28-2137ADA55551}.Release|Any CPU.Build.0 = Release|Any CPU
		{54845FDC-5FAE-46ED-94F0-3E1C11B260C5}.Debug|Any CPU.ActiveCfg = Debug|Any CPU
		{54845FDC-5FAE-46ED-94F0-3E1C11B260C5}.Debug|Any CPU.Build.0 = Debug|Any CPU
		{54845FDC-5FAE-46ED-94F0-3E1C11B260C5}.Release|Any CPU.ActiveCfg = Release|Any CPU
		{54845FDC-5FAE-46ED-94F0-3E1C11B260C5}.Release|Any CPU.Build.0 = Release|Any CPU
		{6CB3C4B3-1715-4301-A116-E0AA11E1E008}.Debug|Any CPU.ActiveCfg = Debug|Any CPU
		{6CB3C4B3-1715-4301-A116-E0AA11E1E008}.Debug|Any CPU.Build.0 = Debug|Any CPU
		{6CB3C4B3-1715-4301-A116-E0AA11E1E008}.Release|Any CPU.ActiveCfg = Release|Any CPU
		{6CB3C4B3-1715-4301-A116-E0AA11E1E008}.Release|Any CPU.Build.0 = Release|Any CPU
		{C86BF0F0-C8FE-49BC-9353-1DD0C1BDB676}.Debug|Any CPU.ActiveCfg = Debug|Any CPU
		{C86BF0F0-C8FE-49BC-9353-1DD0C1BDB676}.Debug|Any CPU.Build.0 = Debug|Any CPU
		{C86BF0F0-C8FE-49BC-9353-1DD0C1BDB676}.Release|Any CPU.ActiveCfg = Release|Any CPU
		{C86BF0F0-C8FE-49BC-9353-1DD0C1BDB676}.Release|Any CPU.Build.0 = Release|Any CPU
		{1C97E648-E6B4-4F17-8AA4-BD6019510D42}.Debug|Any CPU.ActiveCfg = Debug|Any CPU
		{1C97E648-E6B4-4F17-8AA4-BD6019510D42}.Debug|Any CPU.Build.0 = Debug|Any CPU
		{1C97E648-E6B4-4F17-8AA4-BD6019510D42}.Release|Any CPU.ActiveCfg = Release|Any CPU
		{1C97E648-E6B4-4F17-8AA4-BD6019510D42}.Release|Any CPU.Build.0 = Release|Any CPU
		{0A3FA6BA-16EF-4D12-BE78-90B69181F4C1}.Debug|Any CPU.ActiveCfg = Debug|Any CPU
		{0A3FA6BA-16EF-4D12-BE78-90B69181F4C1}.Debug|Any CPU.Build.0 = Debug|Any CPU
		{0A3FA6BA-16EF-4D12-BE78-90B69181F4C1}.Release|Any CPU.ActiveCfg = Release|Any CPU
		{0A3FA6BA-16EF-4D12-BE78-90B69181F4C1}.Release|Any CPU.Build.0 = Release|Any CPU
		{110655EB-220D-4306-9A27-9F8AB90547E1}.Debug|Any CPU.ActiveCfg = Debug|Any CPU
		{110655EB-220D-4306-9A27-9F8AB90547E1}.Debug|Any CPU.Build.0 = Debug|Any CPU
		{110655EB-220D-4306-9A27-9F8AB90547E1}.Release|Any CPU.ActiveCfg = Release|Any CPU
		{110655EB-220D-4306-9A27-9F8AB90547E1}.Release|Any CPU.Build.0 = Release|Any CPU
	EndGlobalSection
	GlobalSection(SolutionProperties) = preSolution
		HideSolutionNode = FALSE
	EndGlobalSection
	GlobalSection(NestedProjects) = preSolution
		{6569051F-CCEE-4CA6-BC28-2137ADA55551} = {82D969A3-05AA-4B02-A5A3-59FBB78C9E81}
		{54845FDC-5FAE-46ED-94F0-3E1C11B260C5} = {82D969A3-05AA-4B02-A5A3-59FBB78C9E81}
		{6CB3C4B3-1715-4301-A116-E0AA11E1E008} = {82D969A3-05AA-4B02-A5A3-59FBB78C9E81}
		{C86BF0F0-C8FE-49BC-9353-1DD0C1BDB676} = {82D969A3-05AA-4B02-A5A3-59FBB78C9E81}
		{1C97E648-E6B4-4F17-8AA4-BD6019510D42} = {82D969A3-05AA-4B02-A5A3-59FBB78C9E81}
		{0A3FA6BA-16EF-4D12-BE78-90B69181F4C1} = {C1E0543D-BD96-40A9-BEF7-6381E6F41977}
		{110655EB-220D-4306-9A27-9F8AB90547E1} = {26C9007A-8EFB-4EAA-8E97-D729414F52AE}
	EndGlobalSection
	GlobalSection(ExtensibilityGlobals) = postSolution
		SolutionGuid = {05973A31-8BCB-41F3-A3DD-56D56E8AD763}
	EndGlobalSection
EndGlobal
